
Microsoft Visual Studio Solution File, Format Version 12.00
# Visual Studio Version 16
VisualStudioVersion = 16.0.30413.136
MinimumVisualStudioVersion = 10.0.40219.1
Project("{8BC9CEB8-8B4A-11D0-8D11-00A0C91BC942}") = "OOP244LAB1", "OOP244LAB1.vcxproj", "{613B58CF-3660-4CA9-9E84-C470FBE0412C}"
EndProject
Global
	GlobalSection(SolutionConfigurationPlatforms) = preSolution
		Debug|x64 = Debug|x64
		Debug|x86 = Debug|x86
		Release|x64 = Release|x64
		Release|x86 = Release|x86
	EndGlobalSection
	GlobalSection(ProjectConfigurationPlatforms) = postSolution
		{613B58CF-3660-4CA9-9E84-C470FBE0412C}.Debug|x64.ActiveCfg = Debug|x64
		{613B58CF-3660-4CA9-9E84-C470FBE0412C}.Debug|x64.Build.0 = Debug|x64
		{613B58CF-3660-4CA9-9E84-C470FBE0412C}.Debug|x86.ActiveCfg = Debug|Win32
		{613B58CF-3660-4CA9-9E84-C470FBE0412C}.Debug|x86.Build.0 = Debug|Win32
		{613B58CF-3660-4CA9-9E84-C470FBE0412C}.Release|x64.ActiveCfg = Release|x64
		{613B58CF-3660-4CA9-9E84-C470FBE0412C}.Release|x64.Build.0 = Release|x64
		{613B58CF-3660-4CA9-9E84-C470FBE0412C}.Release|x86.ActiveCfg = Release|Win32
		{613B58CF-3660-4CA9-9E84-C470FBE0412C}.Release|x86.Build.0 = Release|Win32
	EndGlobalSection
	GlobalSection(SolutionProperties) = preSolution
		HideSolutionNode = FALSE
	EndGlobalSection
	GlobalSection(ExtensibilityGlobals) = postSolution
		SolutionGuid = {4B14B737-924E-40AA-BC27-2551879CF8E1}
	EndGlobalSection
EndGlobal
